// !$*UTF8*$!
{
	archiveVersion = 1;
	classes = {
	};
	objectVersion = 46;
	objects = {

/* Begin PBXBuildFile section */
		4A66BAC86A5A31DC2211291E /* libPods-Twitter.a in Frameworks */ = {isa = PBXBuildFile; fileRef = 6CD7CBD54984956C841BDEC5 /* libPods-Twitter.a */; };
		5928B1F5F881CB8BB596650C /* libPods-TwitterUITests.a in Frameworks */ = {isa = PBXBuildFile; fileRef = EEEC92A9C2E2A0BACC7FA39B /* libPods-TwitterUITests.a */; };
		931C0A6E1E32C8FF0022F18A /* NSURL+dictionaryFromQueryString.m in Sources */ = {isa = PBXBuildFile; fileRef = 931C0A6D1E32C8FF0022F18A /* NSURL+dictionaryFromQueryString.m */; };
		931C0A751E32FE640022F18A /* TweetsViewController.m in Sources */ = {isa = PBXBuildFile; fileRef = 931C0A741E32FE640022F18A /* TweetsViewController.m */; };
		931C0A7A1E3305810022F18A /* TweetsCell.m in Sources */ = {isa = PBXBuildFile; fileRef = 931C0A781E3305810022F18A /* TweetsCell.m */; };
		931C0A7B1E3305810022F18A /* TweetsCell.xib in Resources */ = {isa = PBXBuildFile; fileRef = 931C0A791E3305810022F18A /* TweetsCell.xib */; };
		931C0A7E1E331CB60022F18A /* Tweets.m in Sources */ = {isa = PBXBuildFile; fileRef = 931C0A7D1E331CB60022F18A /* Tweets.m */; };
		9329CE7D1E2AF6800008A823 /* main.m in Sources */ = {isa = PBXBuildFile; fileRef = 9329CE7C1E2AF6800008A823 /* main.m */; };
		9329CE801E2AF6800008A823 /* AppDelegate.m in Sources */ = {isa = PBXBuildFile; fileRef = 9329CE7F1E2AF6800008A823 /* AppDelegate.m */; };
		9329CE861E2AF6800008A823 /* Main.storyboard in Resources */ = {isa = PBXBuildFile; fileRef = 9329CE841E2AF6800008A823 /* Main.storyboard */; };
		9329CE881E2AF6800008A823 /* Assets.xcassets in Resources */ = {isa = PBXBuildFile; fileRef = 9329CE871E2AF6800008A823 /* Assets.xcassets */; };
		9329CE8B1E2AF6800008A823 /* LaunchScreen.storyboard in Resources */ = {isa = PBXBuildFile; fileRef = 9329CE891E2AF6800008A823 /* LaunchScreen.storyboard */; };
		9329CE961E2AF6800008A823 /* TwitterTests.m in Sources */ = {isa = PBXBuildFile; fileRef = 9329CE951E2AF6800008A823 /* TwitterTests.m */; };
		9329CEA11E2AF6800008A823 /* TwitterUITests.m in Sources */ = {isa = PBXBuildFile; fileRef = 9329CEA01E2AF6800008A823 /* TwitterUITests.m */; };
		9329CEBB1E2B06F00008A823 /* LoginViewController.m in Sources */ = {isa = PBXBuildFile; fileRef = 9329CEBA1E2B06F00008A823 /* LoginViewController.m */; };
		9329CEBF1E2B09890008A823 /* TwitterClient.m in Sources */ = {isa = PBXBuildFile; fileRef = 9329CEBE1E2B09890008A823 /* TwitterClient.m */; };
		9329CEC21E2B24990008A823 /* User.m in Sources */ = {isa = PBXBuildFile; fileRef = 9329CEC11E2B24990008A823 /* User.m */; };
		9336BBE31E371B3600F8E683 /* TweetsDetailViewController.m in Sources */ = {isa = PBXBuildFile; fileRef = 9336BBE21E371B3600F8E683 /* TweetsDetailViewController.m */; };
		9336BBEB1E37826B00F8E683 /* ComposeViewController.m in Sources */ = {isa = PBXBuildFile; fileRef = 9336BBEA1E37826B00F8E683 /* ComposeViewController.m */; };
		9336BBEE1E378DE500F8E683 /* GCPlaceholderTextView.m in Sources */ = {isa = PBXBuildFile; fileRef = 9336BBED1E378DE500F8E683 /* GCPlaceholderTextView.m */; };
		9336BBF01E38889E00F8E683 /* NSDateTimeAgo.bundle in Resources */ = {isa = PBXBuildFile; fileRef = 9336BBEF1E38889E00F8E683 /* NSDateTimeAgo.bundle */; };
		9336BBF31E39165C00F8E683 /* UIScrollView+SVInfiniteScrolling.m in Sources */ = {isa = PBXBuildFile; fileRef = 9336BBF21E39165C00F8E683 /* UIScrollView+SVInfiniteScrolling.m */; };
		93C82E311E341DF800F0CEC5 /* NSDate+TimeAgo.m in Sources */ = {isa = PBXBuildFile; fileRef = 93C82E301E341DF800F0CEC5 /* NSDate+TimeAgo.m */; };
		A74EF2C021D50F242E9CE15C /* libPods-TwitterTests.a in Frameworks */ = {isa = PBXBuildFile; fileRef = 373537D0F6BD599E4FCC48F1 /* libPods-TwitterTests.a */; };
/* End PBXBuildFile section */

/* Begin PBXContainerItemProxy section */
		9329CE921E2AF6800008A823 /* PBXContainerItemProxy */ = {
			isa = PBXContainerItemProxy;
			containerPortal = 9329CE701E2AF67F0008A823 /* Project object */;
			proxyType = 1;
			remoteGlobalIDString = 9329CE771E2AF6800008A823;
			remoteInfo = Twitter;
		};
		9329CE9D1E2AF6800008A823 /* PBXContainerItemProxy */ = {
			isa = PBXContainerItemProxy;
			containerPortal = 9329CE701E2AF67F0008A823 /* Project object */;
			proxyType = 1;
			remoteGlobalIDString = 9329CE771E2AF6800008A823;
			remoteInfo = Twitter;
		};
/* End PBXContainerItemProxy section */

/* Begin PBXFileReference section */
		0B9A711364BA87E8F9C62B4A /* Pods-Twitter.release.xcconfig */ = {isa = PBXFileReference; includeInIndex = 1; lastKnownFileType = text.xcconfig; name = "Pods-Twitter.release.xcconfig"; path = "Pods/Target Support Files/Pods-Twitter/Pods-Twitter.release.xcconfig"; sourceTree = "<group>"; };
		373537D0F6BD599E4FCC48F1 /* libPods-TwitterTests.a */ = {isa = PBXFileReference; explicitFileType = archive.ar; includeInIndex = 0; path = "libPods-TwitterTests.a"; sourceTree = BUILT_PRODUCTS_DIR; };
		46A5F78B20D417AED835AFDD /* Pods-Twitter.debug.xcconfig */ = {isa = PBXFileReference; includeInIndex = 1; lastKnownFileType = text.xcconfig; name = "Pods-Twitter.debug.xcconfig"; path = "Pods/Target Support Files/Pods-Twitter/Pods-Twitter.debug.xcconfig"; sourceTree = "<group>"; };
		608239A55E775217CF8E303A /* Pods-TwitterUITests.release.xcconfig */ = {isa = PBXFileReference; includeInIndex = 1; lastKnownFileType = text.xcconfig; name = "Pods-TwitterUITests.release.xcconfig"; path = "Pods/Target Support Files/Pods-TwitterUITests/Pods-TwitterUITests.release.xcconfig"; sourceTree = "<group>"; };
		6CD7CBD54984956C841BDEC5 /* libPods-Twitter.a */ = {isa = PBXFileReference; explicitFileType = archive.ar; includeInIndex = 0; path = "libPods-Twitter.a"; sourceTree = BUILT_PRODUCTS_DIR; };
		7E5AF08E313F20B2E22CB6C2 /* Pods-TwitterTests.release.xcconfig */ = {isa = PBXFileReference; includeInIndex = 1; lastKnownFileType = text.xcconfig; name = "Pods-TwitterTests.release.xcconfig"; path = "Pods/Target Support Files/Pods-TwitterTests/Pods-TwitterTests.release.xcconfig"; sourceTree = "<group>"; };
		931C0A6C1E32C8FF0022F18A /* NSURL+dictionaryFromQueryString.h */ = {isa = PBXFileReference; fileEncoding = 4; lastKnownFileType = sourcecode.c.h; path = "NSURL+dictionaryFromQueryString.h"; sourceTree = "<group>"; };
		931C0A6D1E32C8FF0022F18A /* NSURL+dictionaryFromQueryString.m */ = {isa = PBXFileReference; fileEncoding = 4; lastKnownFileType = sourcecode.c.objc; path = "NSURL+dictionaryFromQueryString.m"; sourceTree = "<group>"; };
		931C0A731E32FE640022F18A /* TweetsViewController.h */ = {isa = PBXFileReference; fileEncoding = 4; lastKnownFileType = sourcecode.c.h; path = TweetsViewController.h; sourceTree = "<group>"; };
		931C0A741E32FE640022F18A /* TweetsViewController.m */ = {isa = PBXFileReference; fileEncoding = 4; lastKnownFileType = sourcecode.c.objc; path = TweetsViewController.m; sourceTree = "<group>"; };
		931C0A771E3305810022F18A /* TweetsCell.h */ = {isa = PBXFileReference; fileEncoding = 4; lastKnownFileType = sourcecode.c.h; path = TweetsCell.h; sourceTree = "<group>"; };
		931C0A781E3305810022F18A /* TweetsCell.m */ = {isa = PBXFileReference; fileEncoding = 4; lastKnownFileType = sourcecode.c.objc; path = TweetsCell.m; sourceTree = "<group>"; };
		931C0A791E3305810022F18A /* TweetsCell.xib */ = {isa = PBXFileReference; fileEncoding = 4; lastKnownFileType = file.xib; path = TweetsCell.xib; sourceTree = "<group>"; };
		931C0A7C1E331CB60022F18A /* Tweets.h */ = {isa = PBXFileReference; fileEncoding = 4; lastKnownFileType = sourcecode.c.h; path = Tweets.h; sourceTree = "<group>"; };
		931C0A7D1E331CB60022F18A /* Tweets.m */ = {isa = PBXFileReference; fileEncoding = 4; lastKnownFileType = sourcecode.c.objc; path = Tweets.m; sourceTree = "<group>"; };
		9329CE781E2AF6800008A823 /* Twitter.app */ = {isa = PBXFileReference; explicitFileType = wrapper.application; includeInIndex = 0; path = Twitter.app; sourceTree = BUILT_PRODUCTS_DIR; };
		9329CE7C1E2AF6800008A823 /* main.m */ = {isa = PBXFileReference; lastKnownFileType = sourcecode.c.objc; path = main.m; sourceTree = "<group>"; };
		9329CE7E1E2AF6800008A823 /* AppDelegate.h */ = {isa = PBXFileReference; lastKnownFileType = sourcecode.c.h; path = AppDelegate.h; sourceTree = "<group>"; };
		9329CE7F1E2AF6800008A823 /* AppDelegate.m */ = {isa = PBXFileReference; lastKnownFileType = sourcecode.c.objc; path = AppDelegate.m; sourceTree = "<group>"; };
		9329CE851E2AF6800008A823 /* Base */ = {isa = PBXFileReference; lastKnownFileType = file.storyboard; name = Base; path = Base.lproj/Main.storyboard; sourceTree = "<group>"; };
		9329CE871E2AF6800008A823 /* Assets.xcassets */ = {isa = PBXFileReference; lastKnownFileType = folder.assetcatalog; path = Assets.xcassets; sourceTree = "<group>"; };
		9329CE8A1E2AF6800008A823 /* Base */ = {isa = PBXFileReference; lastKnownFileType = file.storyboard; name = Base; path = Base.lproj/LaunchScreen.storyboard; sourceTree = "<group>"; };
		9329CE8C1E2AF6800008A823 /* Info.plist */ = {isa = PBXFileReference; lastKnownFileType = text.plist.xml; path = Info.plist; sourceTree = "<group>"; };
		9329CE911E2AF6800008A823 /* TwitterTests.xctest */ = {isa = PBXFileReference; explicitFileType = wrapper.cfbundle; includeInIndex = 0; path = TwitterTests.xctest; sourceTree = BUILT_PRODUCTS_DIR; };
		9329CE951E2AF6800008A823 /* TwitterTests.m */ = {isa = PBXFileReference; lastKnownFileType = sourcecode.c.objc; path = TwitterTests.m; sourceTree = "<group>"; };
		9329CE971E2AF6800008A823 /* Info.plist */ = {isa = PBXFileReference; lastKnownFileType = text.plist.xml; path = Info.plist; sourceTree = "<group>"; };
		9329CE9C1E2AF6800008A823 /* TwitterUITests.xctest */ = {isa = PBXFileReference; explicitFileType = wrapper.cfbundle; includeInIndex = 0; path = TwitterUITests.xctest; sourceTree = BUILT_PRODUCTS_DIR; };
		9329CEA01E2AF6800008A823 /* TwitterUITests.m */ = {isa = PBXFileReference; lastKnownFileType = sourcecode.c.objc; path = TwitterUITests.m; sourceTree = "<group>"; };
		9329CEA21E2AF6800008A823 /* Info.plist */ = {isa = PBXFileReference; lastKnownFileType = text.plist.xml; path = Info.plist; sourceTree = "<group>"; };
		9329CEB91E2B06F00008A823 /* LoginViewController.h */ = {isa = PBXFileReference; fileEncoding = 4; lastKnownFileType = sourcecode.c.h; path = LoginViewController.h; sourceTree = "<group>"; };
		9329CEBA1E2B06F00008A823 /* LoginViewController.m */ = {isa = PBXFileReference; fileEncoding = 4; lastKnownFileType = sourcecode.c.objc; path = LoginViewController.m; sourceTree = "<group>"; };
		9329CEBD1E2B09890008A823 /* TwitterClient.h */ = {isa = PBXFileReference; fileEncoding = 4; lastKnownFileType = sourcecode.c.h; path = TwitterClient.h; sourceTree = "<group>"; };
		9329CEBE1E2B09890008A823 /* TwitterClient.m */ = {isa = PBXFileReference; fileEncoding = 4; lastKnownFileType = sourcecode.c.objc; path = TwitterClient.m; sourceTree = "<group>"; };
		9329CEC01E2B24990008A823 /* User.h */ = {isa = PBXFileReference; fileEncoding = 4; lastKnownFileType = sourcecode.c.h; path = User.h; sourceTree = "<group>"; };
		9329CEC11E2B24990008A823 /* User.m */ = {isa = PBXFileReference; fileEncoding = 4; lastKnownFileType = sourcecode.c.objc; path = User.m; sourceTree = "<group>"; };
		9336BBE11E371B3600F8E683 /* TweetsDetailViewController.h */ = {isa = PBXFileReference; fileEncoding = 4; lastKnownFileType = sourcecode.c.h; path = TweetsDetailViewController.h; sourceTree = "<group>"; };
		9336BBE21E371B3600F8E683 /* TweetsDetailViewController.m */ = {isa = PBXFileReference; fileEncoding = 4; lastKnownFileType = sourcecode.c.objc; path = TweetsDetailViewController.m; sourceTree = "<group>"; };
		9336BBE71E3775A900F8E683 /* Constant.h */ = {isa = PBXFileReference; fileEncoding = 4; lastKnownFileType = sourcecode.c.h; path = Constant.h; sourceTree = "<group>"; };
		9336BBE91E37826B00F8E683 /* ComposeViewController.h */ = {isa = PBXFileReference; fileEncoding = 4; lastKnownFileType = sourcecode.c.h; path = ComposeViewController.h; sourceTree = "<group>"; };
		9336BBEA1E37826B00F8E683 /* ComposeViewController.m */ = {isa = PBXFileReference; fileEncoding = 4; lastKnownFileType = sourcecode.c.objc; path = ComposeViewController.m; sourceTree = "<group>"; };
		9336BBEC1E378DE500F8E683 /* GCPlaceholderTextView.h */ = {isa = PBXFileReference; fileEncoding = 4; lastKnownFileType = sourcecode.c.h; path = GCPlaceholderTextView.h; sourceTree = "<group>"; };
		9336BBED1E378DE500F8E683 /* GCPlaceholderTextView.m */ = {isa = PBXFileReference; fileEncoding = 4; lastKnownFileType = sourcecode.c.objc; path = GCPlaceholderTextView.m; sourceTree = "<group>"; };
		9336BBEF1E38889E00F8E683 /* NSDateTimeAgo.bundle */ = {isa = PBXFileReference; lastKnownFileType = "wrapper.plug-in"; path = NSDateTimeAgo.bundle; sourceTree = "<group>"; };
		9336BBF11E39165B00F8E683 /* UIScrollView+SVInfiniteScrolling.h */ = {isa = PBXFileReference; fileEncoding = 4; lastKnownFileType = sourcecode.c.h; path = "UIScrollView+SVInfiniteScrolling.h"; sourceTree = "<group>"; };
		9336BBF21E39165C00F8E683 /* UIScrollView+SVInfiniteScrolling.m */ = {isa = PBXFileReference; fileEncoding = 4; lastKnownFileType = sourcecode.c.objc; path = "UIScrollView+SVInfiniteScrolling.m"; sourceTree = "<group>"; };
		93C82E2F1E341DF800F0CEC5 /* NSDate+TimeAgo.h */ = {isa = PBXFileReference; fileEncoding = 4; lastKnownFileType = sourcecode.c.h; path = "NSDate+TimeAgo.h"; sourceTree = "<group>"; };
		93C82E301E341DF800F0CEC5 /* NSDate+TimeAgo.m */ = {isa = PBXFileReference; fileEncoding = 4; lastKnownFileType = sourcecode.c.objc; path = "NSDate+TimeAgo.m"; sourceTree = "<group>"; };
		BCB1F091CDDC243E683E42B3 /* Pods-TwitterTests.debug.xcconfig */ = {isa = PBXFileReference; includeInIndex = 1; lastKnownFileType = text.xcconfig; name = "Pods-TwitterTests.debug.xcconfig"; path = "Pods/Target Support Files/Pods-TwitterTests/Pods-TwitterTests.debug.xcconfig"; sourceTree = "<group>"; };
		E93864847E46C35B22CE2C59 /* Pods-TwitterUITests.debug.xcconfig */ = {isa = PBXFileReference; includeInIndex = 1; lastKnownFileType = text.xcconfig; name = "Pods-TwitterUITests.debug.xcconfig"; path = "Pods/Target Support Files/Pods-TwitterUITests/Pods-TwitterUITests.debug.xcconfig"; sourceTree = "<group>"; };
		EEEC92A9C2E2A0BACC7FA39B /* libPods-TwitterUITests.a */ = {isa = PBXFileReference; explicitFileType = archive.ar; includeInIndex = 0; path = "libPods-TwitterUITests.a"; sourceTree = BUILT_PRODUCTS_DIR; };
/* End PBXFileReference section */

/* Begin PBXFrameworksBuildPhase section */
		9329CE751E2AF6800008A823 /* Frameworks */ = {
			isa = PBXFrameworksBuildPhase;
			buildActionMask = 2147483647;
			files = (
				4A66BAC86A5A31DC2211291E /* libPods-Twitter.a in Frameworks */,
			);
			runOnlyForDeploymentPostprocessing = 0;
		};
		9329CE8E1E2AF6800008A823 /* Frameworks */ = {
			isa = PBXFrameworksBuildPhase;
			buildActionMask = 2147483647;
			files = (
				A74EF2C021D50F242E9CE15C /* libPods-TwitterTests.a in Frameworks */,
			);
			runOnlyForDeploymentPostprocessing = 0;
		};
		9329CE991E2AF6800008A823 /* Frameworks */ = {
			isa = PBXFrameworksBuildPhase;
			buildActionMask = 2147483647;
			files = (
				5928B1F5F881CB8BB596650C /* libPods-TwitterUITests.a in Frameworks */,
			);
			runOnlyForDeploymentPostprocessing = 0;
		};
/* End PBXFrameworksBuildPhase section */

/* Begin PBXGroup section */
		1511EF03CD9D7BFA92798ACE /* Pods */ = {
			isa = PBXGroup;
			children = (
				46A5F78B20D417AED835AFDD /* Pods-Twitter.debug.xcconfig */,
				0B9A711364BA87E8F9C62B4A /* Pods-Twitter.release.xcconfig */,
				BCB1F091CDDC243E683E42B3 /* Pods-TwitterTests.debug.xcconfig */,
				7E5AF08E313F20B2E22CB6C2 /* Pods-TwitterTests.release.xcconfig */,
				E93864847E46C35B22CE2C59 /* Pods-TwitterUITests.debug.xcconfig */,
				608239A55E775217CF8E303A /* Pods-TwitterUITests.release.xcconfig */,
			);
			name = Pods;
			sourceTree = "<group>";
		};
		3DCDFA3A4031E6EA921EE521 /* Frameworks */ = {
			isa = PBXGroup;
			children = (
				6CD7CBD54984956C841BDEC5 /* libPods-Twitter.a */,
				373537D0F6BD599E4FCC48F1 /* libPods-TwitterTests.a */,
				EEEC92A9C2E2A0BACC7FA39B /* libPods-TwitterUITests.a */,
			);
			name = Frameworks;
			sourceTree = "<group>";
		};
		931C0A691E32C8A10022F18A /* Helper */ = {
			isa = PBXGroup;
			children = (
				9336BBF11E39165B00F8E683 /* UIScrollView+SVInfiniteScrolling.h */,
				9336BBF21E39165C00F8E683 /* UIScrollView+SVInfiniteScrolling.m */,
				9336BBEC1E378DE500F8E683 /* GCPlaceholderTextView.h */,
				9336BBED1E378DE500F8E683 /* GCPlaceholderTextView.m */,
				93C82E2F1E341DF800F0CEC5 /* NSDate+TimeAgo.h */,
				93C82E301E341DF800F0CEC5 /* NSDate+TimeAgo.m */,
				931C0A6C1E32C8FF0022F18A /* NSURL+dictionaryFromQueryString.h */,
				931C0A6D1E32C8FF0022F18A /* NSURL+dictionaryFromQueryString.m */,
				9336BBEF1E38889E00F8E683 /* NSDateTimeAgo.bundle */,
				9336BBE71E3775A900F8E683 /* Constant.h */,
			);
			name = Helper;
			sourceTree = "<group>";
		};
		931C0A721E32FE4E0022F18A /* Tweets */ = {
			isa = PBXGroup;
			children = (
				931C0A731E32FE640022F18A /* TweetsViewController.h */,
				931C0A741E32FE640022F18A /* TweetsViewController.m */,
			);
			name = Tweets;
			sourceTree = "<group>";
		};
		931C0A761E3305520022F18A /* Cell */ = {
			isa = PBXGroup;
			children = (
				931C0A771E3305810022F18A /* TweetsCell.h */,
				931C0A781E3305810022F18A /* TweetsCell.m */,
				931C0A791E3305810022F18A /* TweetsCell.xib */,
			);
			name = Cell;
			sourceTree = "<group>";
		};
		9329CE6F1E2AF67F0008A823 = {
			isa = PBXGroup;
			children = (
				9329CE7A1E2AF6800008A823 /* Twitter */,
				9329CE941E2AF6800008A823 /* TwitterTests */,
				9329CE9F1E2AF6800008A823 /* TwitterUITests */,
				9329CE791E2AF6800008A823 /* Products */,
				1511EF03CD9D7BFA92798ACE /* Pods */,
				3DCDFA3A4031E6EA921EE521 /* Frameworks */,
			);
			sourceTree = "<group>";
		};
		9329CE791E2AF6800008A823 /* Products */ = {
			isa = PBXGroup;
			children = (
				9329CE781E2AF6800008A823 /* Twitter.app */,
				9329CE911E2AF6800008A823 /* TwitterTests.xctest */,
				9329CE9C1E2AF6800008A823 /* TwitterUITests.xctest */,
			);
			name = Products;
			sourceTree = "<group>";
		};
		9329CE7A1E2AF6800008A823 /* Twitter */ = {
			isa = PBXGroup;
			children = (
				931C0A691E32C8A10022F18A /* Helper */,
				9329CEBC1E2B08C30008A823 /* Api */,
				9329CEAE1E2AF6910008A823 /* Model */,
				9329CEAF1E2AF6960008A823 /* View */,
				9329CEB01E2AF69C0008A823 /* Controller */,
				9329CE7E1E2AF6800008A823 /* AppDelegate.h */,
				9329CE7F1E2AF6800008A823 /* AppDelegate.m */,
				9329CE841E2AF6800008A823 /* Main.storyboard */,
				9329CE871E2AF6800008A823 /* Assets.xcassets */,
				9329CE891E2AF6800008A823 /* LaunchScreen.storyboard */,
				9329CE8C1E2AF6800008A823 /* Info.plist */,
				9329CE7B1E2AF6800008A823 /* Supporting Files */,
			);
			path = Twitter;
			sourceTree = "<group>";
		};
		9329CE7B1E2AF6800008A823 /* Supporting Files */ = {
			isa = PBXGroup;
			children = (
				9329CE7C1E2AF6800008A823 /* main.m */,
			);
			name = "Supporting Files";
			sourceTree = "<group>";
		};
		9329CE941E2AF6800008A823 /* TwitterTests */ = {
			isa = PBXGroup;
			children = (
				9329CE951E2AF6800008A823 /* TwitterTests.m */,
				9329CE971E2AF6800008A823 /* Info.plist */,
			);
			path = TwitterTests;
			sourceTree = "<group>";
		};
		9329CE9F1E2AF6800008A823 /* TwitterUITests */ = {
			isa = PBXGroup;
			children = (
				9329CEA01E2AF6800008A823 /* TwitterUITests.m */,
				9329CEA21E2AF6800008A823 /* Info.plist */,
			);
			path = TwitterUITests;
			sourceTree = "<group>";
		};
		9329CEAE1E2AF6910008A823 /* Model */ = {
			isa = PBXGroup;
			children = (
				9329CEC01E2B24990008A823 /* User.h */,
				9329CEC11E2B24990008A823 /* User.m */,
				931C0A7C1E331CB60022F18A /* Tweets.h */,
				931C0A7D1E331CB60022F18A /* Tweets.m */,
			);
			name = Model;
			sourceTree = "<group>";
		};
		9329CEAF1E2AF6960008A823 /* View */ = {
			isa = PBXGroup;
			children = (
				931C0A761E3305520022F18A /* Cell */,
			);
			name = View;
			sourceTree = "<group>";
		};
		9329CEB01E2AF69C0008A823 /* Controller */ = {
			isa = PBXGroup;
			children = (
				9336BBE81E37825400F8E683 /* Compose */,
				9336BBDD1E37193400F8E683 /* Detail */,
				931C0A721E32FE4E0022F18A /* Tweets */,
				9329CEB21E2AFAAC0008A823 /* Login */,
			);
			name = Controller;
			sourceTree = "<group>";
		};
		9329CEB21E2AFAAC0008A823 /* Login */ = {
			isa = PBXGroup;
			children = (
				9329CEB91E2B06F00008A823 /* LoginViewController.h */,
				9329CEBA1E2B06F00008A823 /* LoginViewController.m */,
			);
			name = Login;
			sourceTree = "<group>";
		};
		9329CEBC1E2B08C30008A823 /* Api */ = {
			isa = PBXGroup;
			children = (
				9329CEBD1E2B09890008A823 /* TwitterClient.h */,
				9329CEBE1E2B09890008A823 /* TwitterClient.m */,
			);
			name = Api;
			sourceTree = "<group>";
		};
		9336BBDD1E37193400F8E683 /* Detail */ = {
			isa = PBXGroup;
			children = (
				9336BBE11E371B3600F8E683 /* TweetsDetailViewController.h */,
				9336BBE21E371B3600F8E683 /* TweetsDetailViewController.m */,
			);
			name = Detail;
			sourceTree = "<group>";
		};
		9336BBE81E37825400F8E683 /* Compose */ = {
			isa = PBXGroup;
			children = (
				9336BBE91E37826B00F8E683 /* ComposeViewController.h */,
				9336BBEA1E37826B00F8E683 /* ComposeViewController.m */,
			);
			name = Compose;
			sourceTree = "<group>";
		};
/* End PBXGroup section */

/* Begin PBXNativeTarget section */
		9329CE771E2AF6800008A823 /* Twitter */ = {
			isa = PBXNativeTarget;
			buildConfigurationList = 9329CEA51E2AF6800008A823 /* Build configuration list for PBXNativeTarget "Twitter" */;
			buildPhases = (
				015CFC148DB01705E5E251E3 /* [CP] Check Pods Manifest.lock */,
				9329CE741E2AF6800008A823 /* Sources */,
				9329CE751E2AF6800008A823 /* Frameworks */,
				9329CE761E2AF6800008A823 /* Resources */,
				4CF18659570E9B5C5D3C3410 /* [CP] Embed Pods Frameworks */,
				6FC3C71B2D95B051BAEA6EBB /* [CP] Copy Pods Resources */,
			);
			buildRules = (
			);
			dependencies = (
			);
			name = Twitter;
			productName = Twitter;
			productReference = 9329CE781E2AF6800008A823 /* Twitter.app */;
			productType = "com.apple.product-type.application";
		};
		9329CE901E2AF6800008A823 /* TwitterTests */ = {
			isa = PBXNativeTarget;
			buildConfigurationList = 9329CEA81E2AF6800008A823 /* Build configuration list for PBXNativeTarget "TwitterTests" */;
			buildPhases = (
				7F659BCF2374A5896BA65FED /* [CP] Check Pods Manifest.lock */,
				9329CE8D1E2AF6800008A823 /* Sources */,
				9329CE8E1E2AF6800008A823 /* Frameworks */,
				9329CE8F1E2AF6800008A823 /* Resources */,
				679B10B706687344D3F59993 /* [CP] Embed Pods Frameworks */,
				CF15F6DADE4AC2B59418D40A /* [CP] Copy Pods Resources */,
			);
			buildRules = (
			);
			dependencies = (
				9329CE931E2AF6800008A823 /* PBXTargetDependency */,
			);
			name = TwitterTests;
			productName = TwitterTests;
			productReference = 9329CE911E2AF6800008A823 /* TwitterTests.xctest */;
			productType = "com.apple.product-type.bundle.unit-test";
		};
		9329CE9B1E2AF6800008A823 /* TwitterUITests */ = {
			isa = PBXNativeTarget;
			buildConfigurationList = 9329CEAB1E2AF6800008A823 /* Build configuration list for PBXNativeTarget "TwitterUITests" */;
			buildPhases = (
				F23C3EBC5E07D83DF75A7405 /* [CP] Check Pods Manifest.lock */,
				9329CE981E2AF6800008A823 /* Sources */,
				9329CE991E2AF6800008A823 /* Frameworks */,
				9329CE9A1E2AF6800008A823 /* Resources */,
				D78C234CB52E59E411142002 /* [CP] Embed Pods Frameworks */,
				7940BD188F51B2B120F97CE8 /* [CP] Copy Pods Resources */,
			);
			buildRules = (
			);
			dependencies = (
				9329CE9E1E2AF6800008A823 /* PBXTargetDependency */,
			);
			name = TwitterUITests;
			productName = TwitterUITests;
			productReference = 9329CE9C1E2AF6800008A823 /* TwitterUITests.xctest */;
			productType = "com.apple.product-type.bundle.ui-testing";
		};
/* End PBXNativeTarget section */

/* Begin PBXProject section */
		9329CE701E2AF67F0008A823 /* Project object */ = {
			isa = PBXProject;
			attributes = {
				LastUpgradeCheck = 0820;
				ORGANIZATIONNAME = "Dhara Bavishi";
				TargetAttributes = {
					9329CE771E2AF6800008A823 = {
						CreatedOnToolsVersion = 8.2.1;
						ProvisioningStyle = Automatic;
					};
					9329CE901E2AF6800008A823 = {
						CreatedOnToolsVersion = 8.2.1;
						ProvisioningStyle = Automatic;
						TestTargetID = 9329CE771E2AF6800008A823;
					};
					9329CE9B1E2AF6800008A823 = {
						CreatedOnToolsVersion = 8.2.1;
						ProvisioningStyle = Automatic;
						TestTargetID = 9329CE771E2AF6800008A823;
					};
				};
			};
			buildConfigurationList = 9329CE731E2AF67F0008A823 /* Build configuration list for PBXProject "Twitter" */;
			compatibilityVersion = "Xcode 3.2";
			developmentRegion = English;
			hasScannedForEncodings = 0;
			knownRegions = (
				en,
				Base,
			);
			mainGroup = 9329CE6F1E2AF67F0008A823;
			productRefGroup = 9329CE791E2AF6800008A823 /* Products */;
			projectDirPath = "";
			projectRoot = "";
			targets = (
				9329CE771E2AF6800008A823 /* Twitter */,
				9329CE901E2AF6800008A823 /* TwitterTests */,
				9329CE9B1E2AF6800008A823 /* TwitterUITests */,
			);
		};
/* End PBXProject section */

/* Begin PBXResourcesBuildPhase section */
		9329CE761E2AF6800008A823 /* Resources */ = {
			isa = PBXResourcesBuildPhase;
			buildActionMask = 2147483647;
			files = (
				9329CE8B1E2AF6800008A823 /* LaunchScreen.storyboard in Resources */,
				9336BBF01E38889E00F8E683 /* NSDateTimeAgo.bundle in Resources */,
				9329CE881E2AF6800008A823 /* Assets.xcassets in Resources */,
				9329CE861E2AF6800008A823 /* Main.storyboard in Resources */,
				931C0A7B1E3305810022F18A /* TweetsCell.xib in Resources */,
			);
			runOnlyForDeploymentPostprocessing = 0;
		};
		9329CE8F1E2AF6800008A823 /* Resources */ = {
			isa = PBXResourcesBuildPhase;
			buildActionMask = 2147483647;
			files = (
			);
			runOnlyForDeploymentPostprocessing = 0;
		};
		9329CE9A1E2AF6800008A823 /* Resources */ = {
			isa = PBXResourcesBuildPhase;
			buildActionMask = 2147483647;
			files = (
			);
			runOnlyForDeploymentPostprocessing = 0;
		};
/* End PBXResourcesBuildPhase section */

/* Begin PBXShellScriptBuildPhase section */
		015CFC148DB01705E5E251E3 /* [CP] Check Pods Manifest.lock */ = {
			isa = PBXShellScriptBuildPhase;
			buildActionMask = 2147483647;
			files = (
			);
			inputPaths = (
			);
			name = "[CP] Check Pods Manifest.lock";
			outputPaths = (
			);
			runOnlyForDeploymentPostprocessing = 0;
			shellPath = /bin/sh;
			shellScript = "diff \"${PODS_ROOT}/../Podfile.lock\" \"${PODS_ROOT}/Manifest.lock\" > /dev/null\nif [ $? != 0 ] ; then\n    # print error to STDERR\n    echo \"error: The sandbox is not in sync with the Podfile.lock. Run 'pod install' or update your CocoaPods installation.\" >&2\n    exit 1\nfi\n";
			showEnvVarsInLog = 0;
		};
		4CF18659570E9B5C5D3C3410 /* [CP] Embed Pods Frameworks */ = {
			isa = PBXShellScriptBuildPhase;
			buildActionMask = 2147483647;
			files = (
			);
			inputPaths = (
			);
			name = "[CP] Embed Pods Frameworks";
			outputPaths = (
			);
			runOnlyForDeploymentPostprocessing = 0;
			shellPath = /bin/sh;
			shellScript = "\"${SRCROOT}/Pods/Target Support Files/Pods-Twitter/Pods-Twitter-frameworks.sh\"\n";
			showEnvVarsInLog = 0;
		};
		679B10B706687344D3F59993 /* [CP] Embed Pods Frameworks */ = {
			isa = PBXShellScriptBuildPhase;
			buildActionMask = 2147483647;
			files = (
			);
			inputPaths = (
			);
			name = "[CP] Embed Pods Frameworks";
			outputPaths = (
			);
			runOnlyForDeploymentPostprocessing = 0;
			shellPath = /bin/sh;
			shellScript = "\"${SRCROOT}/Pods/Target Support Files/Pods-TwitterTests/Pods-TwitterTests-frameworks.sh\"\n";
			showEnvVarsInLog = 0;
		};
		6FC3C71B2D95B051BAEA6EBB /* [CP] Copy Pods Resources */ = {
			isa = PBXShellScriptBuildPhase;
			buildActionMask = 2147483647;
			files = (
			);
			inputPaths = (
			);
			name = "[CP] Copy Pods Resources";
			outputPaths = (
			);
			runOnlyForDeploymentPostprocessing = 0;
			shellPath = /bin/sh;
			shellScript = "\"${SRCROOT}/Pods/Target Support Files/Pods-Twitter/Pods-Twitter-resources.sh\"\n";
			showEnvVarsInLog = 0;
		};
		7940BD188F51B2B120F97CE8 /* [CP] Copy Pods Resources */ = {
			isa = PBXShellScriptBuildPhase;
			buildActionMask = 2147483647;
			files = (
			);
			inputPaths = (
			);
			name = "[CP] Copy Pods Resources";
			outputPaths = (
			);
			runOnlyForDeploymentPostprocessing = 0;
			shellPath = /bin/sh;
			shellScript = "\"${SRCROOT}/Pods/Target Support Files/Pods-TwitterUITests/Pods-TwitterUITests-resources.sh\"\n";
			showEnvVarsInLog = 0;
		};
		7F659BCF2374A5896BA65FED /* [CP] Check Pods Manifest.lock */ = {
			isa = PBXShellScriptBuildPhase;
			buildActionMask = 2147483647;
			files = (
			);
			inputPaths = (
			);
			name = "[CP] Check Pods Manifest.lock";
			outputPaths = (
			);
			runOnlyForDeploymentPostprocessing = 0;
			shellPath = /bin/sh;
			shellScript = "diff \"${PODS_ROOT}/../Podfile.lock\" \"${PODS_ROOT}/Manifest.lock\" > /dev/null\nif [ $? != 0 ] ; then\n    # print error to STDERR\n    echo \"error: The sandbox is not in sync with the Podfile.lock. Run 'pod install' or update your CocoaPods installation.\" >&2\n    exit 1\nfi\n";
			showEnvVarsInLog = 0;
		};
		CF15F6DADE4AC2B59418D40A /* [CP] Copy Pods Resources */ = {
			isa = PBXShellScriptBuildPhase;
			buildActionMask = 2147483647;
			files = (
			);
			inputPaths = (
			);
			name = "[CP] Copy Pods Resources";
			outputPaths = (
			);
			runOnlyForDeploymentPostprocessing = 0;
			shellPath = /bin/sh;
			shellScript = "\"${SRCROOT}/Pods/Target Support Files/Pods-TwitterTests/Pods-TwitterTests-resources.sh\"\n";
			showEnvVarsInLog = 0;
		};
		D78C234CB52E59E411142002 /* [CP] Embed Pods Frameworks */ = {
			isa = PBXShellScriptBuildPhase;
			buildActionMask = 2147483647;
			files = (
			);
			inputPaths = (
			);
			name = "[CP] Embed Pods Frameworks";
			outputPaths = (
			);
			runOnlyForDeploymentPostprocessing = 0;
			shellPath = /bin/sh;
			shellScript = "\"${SRCROOT}/Pods/Target Support Files/Pods-TwitterUITests/Pods-TwitterUITests-frameworks.sh\"\n";
			showEnvVarsInLog = 0;
		};
		F23C3EBC5E07D83DF75A7405 /* [CP] Check Pods Manifest.lock */ = {
			isa = PBXShellScriptBuildPhase;
			buildActionMask = 2147483647;
			files = (
			);
			inputPaths = (
			);
			name = "[CP] Check Pods Manifest.lock";
			outputPaths = (
			);
			runOnlyForDeploymentPostprocessing = 0;
			shellPath = /bin/sh;
			shellScript = "diff \"${PODS_ROOT}/../Podfile.lock\" \"${PODS_ROOT}/Manifest.lock\" > /dev/null\nif [ $? != 0 ] ; then\n    # print error to STDERR\n    echo \"error: The sandbox is not in sync with the Podfile.lock. Run 'pod install' or update your CocoaPods installation.\" >&2\n    exit 1\nfi\n";
			showEnvVarsInLog = 0;
		};
/* End PBXShellScriptBuildPhase section */

/* Begin PBXSourcesBuildPhase section */
		9329CE741E2AF6800008A823 /* Sources */ = {
			isa = PBXSourcesBuildPhase;
			buildActionMask = 2147483647;
			files = (
				9329CEC21E2B24990008A823 /* User.m in Sources */,
				9329CEBF1E2B09890008A823 /* TwitterClient.m in Sources */,
				9329CE801E2AF6800008A823 /* AppDelegate.m in Sources */,
				9336BBEB1E37826B00F8E683 /* ComposeViewController.m in Sources */,
				931C0A7E1E331CB60022F18A /* Tweets.m in Sources */,
				931C0A7A1E3305810022F18A /* TweetsCell.m in Sources */,
				9336BBE31E371B3600F8E683 /* TweetsDetailViewController.m in Sources */,
				93C82E311E341DF800F0CEC5 /* NSDate+TimeAgo.m in Sources */,
				9329CE7D1E2AF6800008A823 /* main.m in Sources */,
				931C0A6E1E32C8FF0022F18A /* NSURL+dictionaryFromQueryString.m in Sources */,
				9329CEBB1E2B06F00008A823 /* LoginViewController.m in Sources */,
				931C0A751E32FE640022F18A /* TweetsViewController.m in Sources */,
				9336BBF31E39165C00F8E683 /* UIScrollView+SVInfiniteScrolling.m in Sources */,
				9336BBEE1E378DE500F8E683 /* GCPlaceholderTextView.m in Sources */,
			);
			runOnlyForDeploymentPostprocessing = 0;
		};
		9329CE8D1E2AF6800008A823 /* Sources */ = {
			isa = PBXSourcesBuildPhase;
			buildActionMask = 2147483647;
			files = (
				9329CE961E2AF6800008A823 /* TwitterTests.m in Sources */,
			);
			runOnlyForDeploymentPostprocessing = 0;
		};
		9329CE981E2AF6800008A823 /* Sources */ = {
			isa = PBXSourcesBuildPhase;
			buildActionMask = 2147483647;
			files = (
				9329CEA11E2AF6800008A823 /* TwitterUITests.m in Sources */,
			);
			runOnlyForDeploymentPostprocessing = 0;
		};
/* End PBXSourcesBuildPhase section */

/* Begin PBXTargetDependency section */
		9329CE931E2AF6800008A823 /* PBXTargetDependency */ = {
			isa = PBXTargetDependency;
			target = 9329CE771E2AF6800008A823 /* Twitter */;
			targetProxy = 9329CE921E2AF6800008A823 /* PBXContainerItemProxy */;
		};
		9329CE9E1E2AF6800008A823 /* PBXTargetDependency */ = {
			isa = PBXTargetDependency;
			target = 9329CE771E2AF6800008A823 /* Twitter */;
			targetProxy = 9329CE9D1E2AF6800008A823 /* PBXContainerItemProxy */;
		};
/* End PBXTargetDependency section */

/* Begin PBXVariantGroup section */
		9329CE841E2AF6800008A823 /* Main.storyboard */ = {
			isa = PBXVariantGroup;
			children = (
				9329CE851E2AF6800008A823 /* Base */,
			);
			name = Main.storyboard;
			sourceTree = "<group>";
		};
		9329CE891E2AF6800008A823 /* LaunchScreen.storyboard */ = {
			isa = PBXVariantGroup;
			children = (
				9329CE8A1E2AF6800008A823 /* Base */,
			);
			name = LaunchScreen.storyboard;
			sourceTree = "<group>";
		};
/* End PBXVariantGroup section */

/* Begin XCBuildConfiguration section */
		9329CEA31E2AF6800008A823 /* Debug */ = {
			isa = XCBuildConfiguration;
			buildSettings = {
				ALWAYS_SEARCH_USER_PATHS = NO;
				CLANG_ANALYZER_NONNULL = YES;
				CLANG_CXX_LANGUAGE_STANDARD = "gnu++0x";
				CLANG_CXX_LIBRARY = "libc++";
				CLANG_ENABLE_MODULES = YES;
				CLANG_ENABLE_OBJC_ARC = YES;
				CLANG_WARN_BOOL_CONVERSION = YES;
				CLANG_WARN_CONSTANT_CONVERSION = YES;
				CLANG_WARN_DIRECT_OBJC_ISA_USAGE = YES_ERROR;
				CLANG_WARN_DOCUMENTATION_COMMENTS = YES;
				CLANG_WARN_EMPTY_BODY = YES;
				CLANG_WARN_ENUM_CONVERSION = YES;
				CLANG_WARN_INFINITE_RECURSION = YES;
				CLANG_WARN_INT_CONVERSION = YES;
				CLANG_WARN_OBJC_ROOT_CLASS = YES_ERROR;
				CLANG_WARN_SUSPICIOUS_MOVE = YES;
				CLANG_WARN_UNREACHABLE_CODE = YES;
				CLANG_WARN__DUPLICATE_METHOD_MATCH = YES;
				"CODE_SIGN_IDENTITY[sdk=iphoneos*]" = "iPhone Developer";
				COPY_PHASE_STRIP = NO;
				DEBUG_INFORMATION_FORMAT = dwarf;
				ENABLE_STRICT_OBJC_MSGSEND = YES;
				ENABLE_TESTABILITY = YES;
				GCC_C_LANGUAGE_STANDARD = gnu99;
				GCC_DYNAMIC_NO_PIC = NO;
				GCC_NO_COMMON_BLOCKS = YES;
				GCC_OPTIMIZATION_LEVEL = 0;
				GCC_PREPROCESSOR_DEFINITIONS = (
					"DEBUG=1",
					"$(inherited)",
				);
				GCC_WARN_64_TO_32_BIT_CONVERSION = YES;
				GCC_WARN_ABOUT_RETURN_TYPE = YES_ERROR;
				GCC_WARN_UNDECLARED_SELECTOR = YES;
				GCC_WARN_UNINITIALIZED_AUTOS = YES_AGGRESSIVE;
				GCC_WARN_UNUSED_FUNCTION = YES;
				GCC_WARN_UNUSED_VARIABLE = YES;
				IPHONEOS_DEPLOYMENT_TARGET = 10.2;
				MTL_ENABLE_DEBUG_INFO = YES;
				ONLY_ACTIVE_ARCH = YES;
				SDKROOT = iphoneos;
				TARGETED_DEVICE_FAMILY = "1,2";
			};
			name = Debug;
		};
		9329CEA41E2AF6800008A823 /* Release */ = {
			isa = XCBuildConfiguration;
			buildSettings = {
				ALWAYS_SEARCH_USER_PATHS = NO;
				CLANG_ANALYZER_NONNULL = YES;
				CLANG_CXX_LANGUAGE_STANDARD = "gnu++0x";
				CLANG_CXX_LIBRARY = "libc++";
				CLANG_ENABLE_MODULES = YES;
				CLANG_ENABLE_OBJC_ARC = YES;
				CLANG_WARN_BOOL_CONVERSION = YES;
				CLANG_WARN_CONSTANT_CONVERSION = YES;
				CLANG_WARN_DIRECT_OBJC_ISA_USAGE = YES_ERROR;
				CLANG_WARN_DOCUMENTATION_COMMENTS = YES;
				CLANG_WARN_EMPTY_BODY = YES;
				CLANG_WARN_ENUM_CONVERSION = YES;
				CLANG_WARN_INFINITE_RECURSION = YES;
				CLANG_WARN_INT_CONVERSION = YES;
				CLANG_WARN_OBJC_ROOT_CLASS = YES_ERROR;
				CLANG_WARN_SUSPICIOUS_MOVE = YES;
				CLANG_WARN_UNREACHABLE_CODE = YES;
				CLANG_WARN__DUPLICATE_METHOD_MATCH = YES;
				"CODE_SIGN_IDENTITY[sdk=iphoneos*]" = "iPhone Developer";
				COPY_PHASE_STRIP = NO;
				DEBUG_INFORMATION_FORMAT = "dwarf-with-dsym";
				ENABLE_NS_ASSERTIONS = NO;
				ENABLE_STRICT_OBJC_MSGSEND = YES;
				GCC_C_LANGUAGE_STANDARD = gnu99;
				GCC_NO_COMMON_BLOCKS = YES;
				GCC_WARN_64_TO_32_BIT_CONVERSION = YES;
				GCC_WARN_ABOUT_RETURN_TYPE = YES_ERROR;
				GCC_WARN_UNDECLARED_SELECTOR = YES;
				GCC_WARN_UNINITIALIZED_AUTOS = YES_AGGRESSIVE;
				GCC_WARN_UNUSED_FUNCTION = YES;
				GCC_WARN_UNUSED_VARIABLE = YES;
				IPHONEOS_DEPLOYMENT_TARGET = 10.2;
				MTL_ENABLE_DEBUG_INFO = NO;
				SDKROOT = iphoneos;
				TARGETED_DEVICE_FAMILY = "1,2";
				VALIDATE_PRODUCT = YES;
			};
			name = Release;
		};
		9329CEA61E2AF6800008A823 /* Debug */ = {
			isa = XCBuildConfiguration;
			baseConfigurationReference = 46A5F78B20D417AED835AFDD /* Pods-Twitter.debug.xcconfig */;
			buildSettings = {
				ASSETCATALOG_COMPILER_APPICON_NAME = AppIcon;
				DEVELOPMENT_TEAM = "";
				GCC_NO_COMMON_BLOCKS = NO;
				INFOPLIST_FILE = Twitter/Info.plist;
				IPHONEOS_DEPLOYMENT_TARGET = 10.0;
				LD_RUNPATH_SEARCH_PATHS = "$(inherited) @executable_path/Frameworks";
				OTHER_LDFLAGS = (
					"$(inherited)",
					"-l\"AFNetworking\"",
					"-l\"BDBOAuth1Manager\"",
					"-framework",
					"\"CoreGraphics\"",
					"-framework",
					"\"MobileCoreServices\"",
					"-framework",
					"\"Security\"",
					"-framework",
					"\"SystemConfiguration\"",
				);
				PRODUCT_BUNDLE_IDENTIFIER = com.DharaBavishi.Twitter;
				PRODUCT_NAME = "$(TARGET_NAME)";
			};
			name = Debug;
		};
		9329CEA71E2AF6800008A823 /* Release */ = {
			isa = XCBuildConfiguration;
			baseConfigurationReference = 0B9A711364BA87E8F9C62B4A /* Pods-Twitter.release.xcconfig */;
			buildSettings = {
				ASSETCATALOG_COMPILER_APPICON_NAME = AppIcon;
				DEVELOPMENT_TEAM = "";
				GCC_NO_COMMON_BLOCKS = NO;
				INFOPLIST_FILE = Twitter/Info.plist;
				IPHONEOS_DEPLOYMENT_TARGET = 10.0;
				LD_RUNPATH_SEARCH_PATHS = "$(inherited) @executable_path/Frameworks";
				OTHER_LDFLAGS = (
					"$(inherited)",
					"-l\"AFNetworking\"",
					"-l\"BDBOAuth1Manager\"",
					"-framework",
					"\"CoreGraphics\"",
					"-framework",
					"\"MobileCoreServices\"",
					"-framework",
					"\"Security\"",
					"-framework",
					"\"SystemConfiguration\"",
				);
				PRODUCT_BUNDLE_IDENTIFIER = com.DharaBavishi.Twitter;
				PRODUCT_NAME = "$(TARGET_NAME)";
			};
			name = Release;
		};
		9329CEA91E2AF6800008A823 /* Debug */ = {
			isa = XCBuildConfiguration;
			baseConfigurationReference = BCB1F091CDDC243E683E42B3 /* Pods-TwitterTests.debug.xcconfig */;
			buildSettings = {
				BUNDLE_LOADER = "$(TEST_HOST)";
				INFOPLIST_FILE = TwitterTests/Info.plist;
				LD_RUNPATH_SEARCH_PATHS = "$(inherited) @executable_path/Frameworks @loader_path/Frameworks";
				PRODUCT_BUNDLE_IDENTIFIER = com.DharaBavishi.TwitterTests;
				PRODUCT_NAME = "$(TARGET_NAME)";
				TEST_HOST = "$(BUILT_PRODUCTS_DIR)/Twitter.app/Twitter";
			};
			name = Debug;
		};
		9329CEAA1E2AF6800008A823 /* Release */ = {
			isa = XCBuildConfiguration;
			baseConfigurationReference = 7E5AF08E313F20B2E22CB6C2 /* Pods-TwitterTests.release.xcconfig */;
			buildSettings = {
				BUNDLE_LOADER = "$(TEST_HOST)";
				INFOPLIST_FILE = TwitterTests/Info.plist;
				LD_RUNPATH_SEARCH_PATHS = "$(inherited) @executable_path/Frameworks @loader_path/Frameworks";
				PRODUCT_BUNDLE_IDENTIFIER = com.DharaBavishi.TwitterTests;
				PRODUCT_NAME = "$(TARGET_NAME)";
				TEST_HOST = "$(BUILT_PRODUCTS_DIR)/Twitter.app/Twitter";
			};
			name = Release;
		};
		9329CEAC1E2AF6800008A823 /* Debug */ = {
			isa = XCBuildConfiguration;
			baseConfigurationReference = E93864847E46C35B22CE2C59 /* Pods-TwitterUITests.debug.xcconfig */;
			buildSettings = {
				INFOPLIST_FILE = TwitterUITests/Info.plist;
				LD_RUNPATH_SEARCH_PATHS = "$(inherited) @executable_path/Frameworks @loader_path/Frameworks";
				PRODUCT_BUNDLE_IDENTIFIER = com.DharaBavishi.TwitterUITests;
				PRODUCT_NAME = "$(TARGET_NAME)";
				TEST_TARGET_NAME = Twitter;
			};
			name = Debug;
		};
		9329CEAD1E2AF6800008A823 /* Release */ = {
			isa = XCBuildConfiguration;
			baseConfigurationReference = 608239A55E775217CF8E303A /* Pods-TwitterUITests.release.xcconfig */;
			buildSettings = {
				INFOPLIST_FILE = TwitterUITests/Info.plist;
				LD_RUNPATH_SEARCH_PATHS = "$(inherited) @executable_path/Frameworks @loader_path/Frameworks";
				PRODUCT_BUNDLE_IDENTIFIER = com.DharaBavishi.TwitterUITests;
				PRODUCT_NAME = "$(TARGET_NAME)";
				TEST_TARGET_NAME = Twitter;
			};
			name = Release;
		};
/* End XCBuildConfiguration section */

/* Begin XCConfigurationList section */
		9329CE731E2AF67F0008A823 /* Build configuration list for PBXProject "Twitter" */ = {
			isa = XCConfigurationList;
			buildConfigurations = (
				9329CEA31E2AF6800008A823 /* Debug */,
				9329CEA41E2AF6800008A823 /* Release */,
			);
			defaultConfigurationIsVisible = 0;
			defaultConfigurationName = Release;
		};
		9329CEA51E2AF6800008A823 /* Build configuration list for PBXNativeTarget "Twitter" */ = {
			isa = XCConfigurationList;
			buildConfigurations = (
				9329CEA61E2AF6800008A823 /* Debug */,
				9329CEA71E2AF6800008A823 /* Release */,
			);
			defaultConfigurationIsVisible = 0;
			defaultConfigurationName = Release;
		};
		9329CEA81E2AF6800008A823 /* Build configuration list for PBXNativeTarget "TwitterTests" */ = {
			isa = XCConfigurationList;
			buildConfigurations = (
				9329CEA91E2AF6800008A823 /* Debug */,
				9329CEAA1E2AF6800008A823 /* Release */,
			);
			defaultConfigurationIsVisible = 0;
			defaultConfigurationName = Release;
		};
		9329CEAB1E2AF6800008A823 /* Build configuration list for PBXNativeTarget "TwitterUITests" */ = {
			isa = XCConfigurationList;
			buildConfigurations = (
				9329CEAC1E2AF6800008A823 /* Debug */,
				9329CEAD1E2AF6800008A823 /* Release */,
			);
			defaultConfigurationIsVisible = 0;
			defaultConfigurationName = Release;
		};
/* End XCConfigurationList section */
	};
	rootObject = 9329CE701E2AF67F0008A823 /* Project object */;
}
